
Microsoft Visual Studio Solution File, Format Version 12.00
# Visual Studio Version 17
VisualStudioVersion = 17.2.32630.192
MinimumVisualStudioVersion = 10.0.40219.1
Project("{FAE04EC0-301F-11D3-BF4B-00C04F79EFBC}") = "LatihanLagi", "LatihanLagi.csproj", "{2601CFD6-CFAD-4BBF-9B7D-F753089E0494}"
EndProject
Global
	GlobalSection(SolutionConfigurationPlatforms) = preSolution
		Debug|Any CPU = Debug|Any CPU
		Release|Any CPU = Release|Any CPU
	EndGlobalSection
	GlobalSection(ProjectConfigurationPlatforms) = postSolution
		{2601CFD6-CFAD-4BBF-9B7D-F753089E0494}.Debug|Any CPU.ActiveCfg = Debug|Any CPU
		{2601CFD6-CFAD-4BBF-9B7D-F753089E0494}.Debug|Any CPU.Build.0 = Debug|Any CPU
		{2601CFD6-CFAD-4BBF-9B7D-F753089E0494}.Release|Any CPU.ActiveCfg = Release|Any CPU
		{2601CFD6-CFAD-4BBF-9B7D-F753089E0494}.Release|Any CPU.Build.0 = Release|Any CPU
	EndGlobalSection
	GlobalSection(SolutionProperties) = preSolution
		HideSolutionNode = FALSE
	EndGlobalSection
	GlobalSection(ExtensibilityGlobals) = postSolution
		SolutionGuid = {10B468B4-7EE5-4F45-855D-E752A1DDF407}
	EndGlobalSection
EndGlobal
